
Microsoft Visual Studio Solution File, Format Version 12.00
# Visual Studio Version 16
VisualStudioVersion = 16.0.29806.167
MinimumVisualStudioVersion = 10.0.40219.1
Project("{FAE04EC0-301F-11D3-BF4B-00C04F79EFBC}") = "MediaLib.Api", "MediaLib.Api\MediaLib.Api.csproj", "{83C12506-32AA-44DC-974F-8FC16C18EBE7}"
EndProject
Project("{FAE04EC0-301F-11D3-BF4B-00C04F79EFBC}") = "MediaLib.Tests", "MediaLib.Tests\MediaLib.Tests.csproj", "{7E236F57-05D6-4D05-8FBF-D57F970C7FE2}"
EndProject
Project("{FAE04EC0-301F-11D3-BF4B-00C04F79EFBC}") = "MediaLib.Data", "MediaLib.Data\MediaLib.Data.csproj", "{D266A37E-DDEC-4E6A-A3F8-1A3EEC291FD3}"
EndProject
Project("{FAE04EC0-301F-11D3-BF4B-00C04F79EFBC}") = "MediaLib.Logic", "MediaLib.Logic\MediaLib.Logic.csproj", "{D0A6783C-29AF-4C29-A254-08536F893D09}"
EndProject
Global
	GlobalSection(SolutionConfigurationPlatforms) = preSolution
		Debug|Any CPU = Debug|Any CPU
		Release|Any CPU = Release|Any CPU
	EndGlobalSection
	GlobalSection(ProjectConfigurationPlatforms) = postSolution
		{83C12506-32AA-44DC-974F-8FC16C18EBE7}.Debug|Any CPU.ActiveCfg = Debug|Any CPU
		{83C12506-32AA-44DC-974F-8FC16C18EBE7}.Debug|Any CPU.Build.0 = Debug|Any CPU
		{83C12506-32AA-44DC-974F-8FC16C18EBE7}.Release|Any CPU.ActiveCfg = Release|Any CPU
		{83C12506-32AA-44DC-974F-8FC16C18EBE7}.Release|Any CPU.Build.0 = Release|Any CPU
		{7E236F57-05D6-4D05-8FBF-D57F970C7FE2}.Debug|Any CPU.ActiveCfg = Debug|Any CPU
		{7E236F57-05D6-4D05-8FBF-D57F970C7FE2}.Debug|Any CPU.Build.0 = Debug|Any CPU
		{7E236F57-05D6-4D05-8FBF-D57F970C7FE2}.Release|Any CPU.ActiveCfg = Release|Any CPU
		{7E236F57-05D6-4D05-8FBF-D57F970C7FE2}.Release|Any CPU.Build.0 = Release|Any CPU
		{D266A37E-DDEC-4E6A-A3F8-1A3EEC291FD3}.Debug|Any CPU.ActiveCfg = Debug|Any CPU
		{D266A37E-DDEC-4E6A-A3F8-1A3EEC291FD3}.Debug|Any CPU.Build.0 = Debug|Any CPU
		{D266A37E-DDEC-4E6A-A3F8-1A3EEC291FD3}.Release|Any CPU.ActiveCfg = Release|Any CPU
		{D266A37E-DDEC-4E6A-A3F8-1A3EEC291FD3}.Release|Any CPU.Build.0 = Release|Any CPU
		{D0A6783C-29AF-4C29-A254-08536F893D09}.Debug|Any CPU.ActiveCfg = Debug|Any CPU
		{D0A6783C-29AF-4C29-A254-08536F893D09}.Debug|Any CPU.Build.0 = Debug|Any CPU
		{D0A6783C-29AF-4C29-A254-08536F893D09}.Release|Any CPU.ActiveCfg = Release|Any CPU
		{D0A6783C-29AF-4C29-A254-08536F893D09}.Release|Any CPU.Build.0 = Release|Any CPU
	EndGlobalSection
	GlobalSection(SolutionProperties) = preSolution
		HideSolutionNode = FALSE
	EndGlobalSection
	GlobalSection(ExtensibilityGlobals) = postSolution
		SolutionGuid = {00A25F15-7CE9-4EE8-9F59-E5E5BD5FC65F}
	EndGlobalSection
EndGlobal
